github.com/gurkankaymak/hocon v1.2.4 h1:Yya6yq376oWUi1YVXhk+hq4Iq7mZx+poNSNNHTHiTec=
github.com/gurkankaymak/hocon v1.2.4/go.mod h1:dQCfhnuDKlLqAZRGhFTd81HkAfMx7STHv0w2JkJ6iq4=
github.com/lib/pq v1.10.6 h1:jbk+ZieJ0D7EVGJYpL9QTz7/YW6UHbmdnZWYyK5cdBs=
github.com/lib/pq v1.10.6/go.mod h1:AlVN5x4E4T544tWzH6hKfbfQvm3HdbOxrmggDNAPY9o=
